# This file is automatically @generated by Cargo.
# It is not intended for manual editing.
version = 4

[[package]]
name = "pygma_parser"
version = "0.1.0"

[[package]]
name = "pygma_render"
version = "0.1.0"
dependencies = [
 "pygma_parser",
]

[[package]]
name = "pygmalion"
version = "0.1.0"
dependencies = [
 "pygma_parser",
 "pygma_render",
]
